
Microsoft Visual Studio Solution File, Format Version 12.00
# Visual Studio Version 17
VisualStudioVersion = 17.5.002.0
MinimumVisualStudioVersion = 10.0.40219.1
Project("{9A19103F-16F7-4668-BE54-9A1E7A4F7556}") = "simple-crud", "simple-crud.csproj", "{F30CE56B-C79E-4D83-9213-0D8125BE0034}"
EndProject
Global
	GlobalSection(SolutionConfigurationPlatforms) = preSolution
		Debug|Any CPU = Debug|Any CPU
		Release|Any CPU = Release|Any CPU
	EndGlobalSection
	GlobalSection(ProjectConfigurationPlatforms) = postSolution
		{F30CE56B-C79E-4D83-9213-0D8125BE0034}.Debug|Any CPU.ActiveCfg = Debug|Any CPU
		{F30CE56B-C79E-4D83-9213-0D8125BE0034}.Debug|Any CPU.Build.0 = Debug|Any CPU
		{F30CE56B-C79E-4D83-9213-0D8125BE0034}.Release|Any CPU.ActiveCfg = Release|Any CPU
		{F30CE56B-C79E-4D83-9213-0D8125BE0034}.Release|Any CPU.Build.0 = Release|Any CPU
	EndGlobalSection
	GlobalSection(SolutionProperties) = preSolution
		HideSolutionNode = FALSE
	EndGlobalSection
	GlobalSection(ExtensibilityGlobals) = postSolution
		SolutionGuid = {D77349AE-F4E7-4122-B39B-0558C8EC3D02}
	EndGlobalSection
EndGlobal
